
Microsoft Visual Studio Solution File, Format Version 12.00
# Visual Studio 15
VisualStudioVersion = 15.0.27130.2010
MinimumVisualStudioVersion = 10.0.40219.1
Project("{FAE04EC0-301F-11D3-BF4B-00C04F79EFBC}") = "HTTPServer", "HTTPServer\HTTPServer.csproj", "{20ECEA24-534A-444F-9F3C-A336BB691F5D}"
EndProject
Project("{FAE04EC0-301F-11D3-BF4B-00C04F79EFBC}") = "RestApi", "RestApi\RestApi.csproj", "{BBB689A6-D006-4AD1-8867-82D096267A64}"
EndProject
Global
	GlobalSection(SolutionConfigurationPlatforms) = preSolution
		Debug|Any CPU = Debug|Any CPU
		Release|Any CPU = Release|Any CPU
	EndGlobalSection
	GlobalSection(ProjectConfigurationPlatforms) = postSolution
		{20ECEA24-534A-444F-9F3C-A336BB691F5D}.Debug|Any CPU.ActiveCfg = Debug|Any CPU
		{20ECEA24-534A-444F-9F3C-A336BB691F5D}.Debug|Any CPU.Build.0 = Debug|Any CPU
		{20ECEA24-534A-444F-9F3C-A336BB691F5D}.Release|Any CPU.ActiveCfg = Release|Any CPU
		{20ECEA24-534A-444F-9F3C-A336BB691F5D}.Release|Any CPU.Build.0 = Release|Any CPU
		{BBB689A6-D006-4AD1-8867-82D096267A64}.Debug|Any CPU.ActiveCfg = Debug|Any CPU
		{BBB689A6-D006-4AD1-8867-82D096267A64}.Debug|Any CPU.Build.0 = Debug|Any CPU
		{BBB689A6-D006-4AD1-8867-82D096267A64}.Release|Any CPU.ActiveCfg = Release|Any CPU
		{BBB689A6-D006-4AD1-8867-82D096267A64}.Release|Any CPU.Build.0 = Release|Any CPU
	EndGlobalSection
	GlobalSection(SolutionProperties) = preSolution
		HideSolutionNode = FALSE
	EndGlobalSection
	GlobalSection(ExtensibilityGlobals) = postSolution
		SolutionGuid = {6A2A1592-B015-4FC8-AF6A-9C0A5C060851}
	EndGlobalSection
EndGlobal
